# This file is autogenerated, do not edit; changes may be undone by the next 'dep ensure'.


[[projects]]
  digest = "1:85ade3b27822b3e792ef6d5bcf8c4c774db2a376c6519ffa17f23b8582607a22"
  name = "github.com/rafaeljesus/rabbus"
  packages = [
    ".",
    "internal/amqp",
  ]
  pruneopts = "UT"
  revision = "bfd1950aefec6d4c1ef2695cfae45dc11446b168"
  version = "v3.0.0"

[[projects]]
  branch = "master"
  digest = "1:e65b85a32c2aaf1fefbc03721573929fe08cfc0198f63167b56aaa19c27a1fb1"
  name = "github.com/rafaeljesus/retry-go"
  packages = ["."]
  pruneopts = "UT"
  revision = "5981a380a87925ee03a78a7ff13574fabc804837"

[[projects]]
  digest = "1:da2217f77d96b187c69f48d4401dc566e4346aff96e8f4e0f646537d6413a02b"
  name = "github.com/rs/zerolog"
  packages = [
    ".",
    "internal/cbor",
    "internal/json",
    "log",
  ]
  pruneopts = "UT"
  revision = "f1dd50b8c64d79be1392edf1d8fda5cedea4916d"
  version = "v1.17.2"

[[projects]]
  digest = "1:f7805d1cc7776d00da2aa3dbacf85927e58e6dad630ba9f3ea5b92d719f96269"
  name = "github.com/sony/gobreaker"
  packages = ["."]
  pruneopts = "UT"
  revision = "e9556a45379ef1da12e54847edb2fb3d7d566f36"
  version = "0.3.0"

[[projects]]
  branch = "master"
  digest = "1:3df46e572883257c46c470dc1796f9bc609d0d0d7339dd10358030649b9beb93"
  name = "github.com/streadway/amqp"
  packages = ["."]
  pruneopts = "UT"
  revision = "edfb9018d2714e4ec54dbaba37dbfef2bdadf0e4"

[solve-meta]
  analyzer-name = "dep"
  analyzer-version = 1
  input-imports = [
    "github.com/rafaeljesus/rabbus",
    "github.com/rs/zerolog",
    "github.com/rs/zerolog/log",
  ]
  solver-name = "gps-cdcl"
  solver-version = 1
